// !$*UTF8*$!
{
	archiveVersion = 1;
	classes = {
	};
	objectVersion = 50;
	objects = {

/* Begin PBXBuildFile section */
		3A14722DD4084E5E103936E9 /* Pods_Instargram.framework in Frameworks */ = {isa = PBXBuildFile; fileRef = FD1154C2802F4B6750C5B3E7 /* Pods_Instargram.framework */; };
		5771F24C2B4606AE8D398B42 /* Pods_InstargramTests.framework in Frameworks */ = {isa = PBXBuildFile; fileRef = 55874A0F9F2F62F49D11C261 /* Pods_InstargramTests.framework */; };
		7D578F4399F0118AAEFCF08A /* Pods_InstargramUITests.framework in Frameworks */ = {isa = PBXBuildFile; fileRef = 4F94280D7295AED7B1F85572 /* Pods_InstargramUITests.framework */; };
		B522DDFC21995981006792BD /* GoogleService-Info.plist in Resources */ = {isa = PBXBuildFile; fileRef = B522DDFB21995981006792BD /* GoogleService-Info.plist */; };
		B544719C21996061003612D0 /* GoogleService-Info.plist in Resources */ = {isa = PBXBuildFile; fileRef = B544719B21996061003612D0 /* GoogleService-Info.plist */; };
		B544719E21998B03003612D0 /* Assets.xcassets in Resources */ = {isa = PBXBuildFile; fileRef = B544719D21998B02003612D0 /* Assets.xcassets */; };
		B55135ED219828CD00205209 /* AppDelegate.swift in Sources */ = {isa = PBXBuildFile; fileRef = B55135EC219828CD00205209 /* AppDelegate.swift */; };
		B55135EF219828CD00205209 /* SignIn.swift in Sources */ = {isa = PBXBuildFile; fileRef = B55135EE219828CD00205209 /* SignIn.swift */; };
		B5513602219828CF00205209 /* InstargramTests.swift in Sources */ = {isa = PBXBuildFile; fileRef = B5513601219828CF00205209 /* InstargramTests.swift */; };
		B551360D219828CF00205209 /* InstargramUITests.swift in Sources */ = {isa = PBXBuildFile; fileRef = B551360C219828CF00205209 /* InstargramUITests.swift */; };
		B551361B21983FDE00205209 /* Extension.swift in Sources */ = {isa = PBXBuildFile; fileRef = B551361A21983FDE00205209 /* Extension.swift */; };
		B551361D21984DAC00205209 /* SignUp.swift in Sources */ = {isa = PBXBuildFile; fileRef = B551361C21984DAC00205209 /* SignUp.swift */; };
		B551361F21985CBA00205209 /* TabSwitcher.swift in Sources */ = {isa = PBXBuildFile; fileRef = B551361E21985CBA00205209 /* TabSwitcher.swift */; };
		B55136242198712900205209 /* Home.swift in Sources */ = {isa = PBXBuildFile; fileRef = B55136232198712900205209 /* Home.swift */; };
		B55136262198713A00205209 /* Discover.swift in Sources */ = {isa = PBXBuildFile; fileRef = B55136252198713A00205209 /* Discover.swift */; };
		B55136282198714500205209 /* Photos.swift in Sources */ = {isa = PBXBuildFile; fileRef = B55136272198714500205209 /* Photos.swift */; };
		B551362A2198715300205209 /* Notification.swift in Sources */ = {isa = PBXBuildFile; fileRef = B55136292198715300205209 /* Notification.swift */; };
		B551362C2198715B00205209 /* Profile.swift in Sources */ = {isa = PBXBuildFile; fileRef = B551362B2198715B00205209 /* Profile.swift */; };
		B59EDEFD219C629800FF01E3 /* FirebaseService.swift in Sources */ = {isa = PBXBuildFile; fileRef = B59EDEFC219C629800FF01E3 /* FirebaseService.swift */; };
		B59EDEFF219C697B00FF01E3 /* Config.swift in Sources */ = {isa = PBXBuildFile; fileRef = B59EDEFE219C697B00FF01E3 /* Config.swift */; };
		B5D869F5219EF34400C92BA4 /* Posts.swift in Sources */ = {isa = PBXBuildFile; fileRef = B5D869F4219EF34400C92BA4 /* Posts.swift */; };
/* End PBXBuildFile section */

/* Begin PBXContainerItemProxy section */
		B55135FE219828CF00205209 /* PBXContainerItemProxy */ = {
			isa = PBXContainerItemProxy;
			containerPortal = B55135E1219828CD00205209 /* Project object */;
			proxyType = 1;
			remoteGlobalIDString = B55135E8219828CD00205209;
			remoteInfo = Instargram;
		};
		B5513609219828CF00205209 /* PBXContainerItemProxy */ = {
			isa = PBXContainerItemProxy;
			containerPortal = B55135E1219828CD00205209 /* Project object */;
			proxyType = 1;
			remoteGlobalIDString = B55135E8219828CD00205209;
			remoteInfo = Instargram;
		};
/* End PBXContainerItemProxy section */

/* Begin PBXFileReference section */
		073A775C052A735D244DC786 /* Pods-InstargramUITests.debug.xcconfig */ = {isa = PBXFileReference; includeInIndex = 1; lastKnownFileType = text.xcconfig; name = "Pods-InstargramUITests.debug.xcconfig"; path = "Pods/Target Support Files/Pods-InstargramUITests/Pods-InstargramUITests.debug.xcconfig"; sourceTree = "<group>"; };
		30963AC7057F4D0CE887EEA6 /* Pods-InstargramTests.release.xcconfig */ = {isa = PBXFileReference; includeInIndex = 1; lastKnownFileType = text.xcconfig; name = "Pods-InstargramTests.release.xcconfig"; path = "Pods/Target Support Files/Pods-InstargramTests/Pods-InstargramTests.release.xcconfig"; sourceTree = "<group>"; };
		48D42BD41C4465E221545CAB /* Pods-InstargramTests.debug.xcconfig */ = {isa = PBXFileReference; includeInIndex = 1; lastKnownFileType = text.xcconfig; name = "Pods-InstargramTests.debug.xcconfig"; path = "Pods/Target Support Files/Pods-InstargramTests/Pods-InstargramTests.debug.xcconfig"; sourceTree = "<group>"; };
		4F94280D7295AED7B1F85572 /* Pods_InstargramUITests.framework */ = {isa = PBXFileReference; explicitFileType = wrapper.framework; includeInIndex = 0; path = Pods_InstargramUITests.framework; sourceTree = BUILT_PRODUCTS_DIR; };
		53C842AE079FF04F845FBD14 /* Pods-Instargram.debug.xcconfig */ = {isa = PBXFileReference; includeInIndex = 1; lastKnownFileType = text.xcconfig; name = "Pods-Instargram.debug.xcconfig"; path = "Pods/Target Support Files/Pods-Instargram/Pods-Instargram.debug.xcconfig"; sourceTree = "<group>"; };
		55874A0F9F2F62F49D11C261 /* Pods_InstargramTests.framework */ = {isa = PBXFileReference; explicitFileType = wrapper.framework; includeInIndex = 0; path = Pods_InstargramTests.framework; sourceTree = BUILT_PRODUCTS_DIR; };
		B522DDFB21995981006792BD /* GoogleService-Info.plist */ = {isa = PBXFileReference; fileEncoding = 4; lastKnownFileType = text.plist.xml; name = "GoogleService-Info.plist"; path = "../../../../../Downloads/GoogleService-Info.plist"; sourceTree = "<group>"; };
		B544719B21996061003612D0 /* GoogleService-Info.plist */ = {isa = PBXFileReference; fileEncoding = 4; lastKnownFileType = text.plist.xml; path = "GoogleService-Info.plist"; sourceTree = "<group>"; };
		B544719D21998B02003612D0 /* Assets.xcassets */ = {isa = PBXFileReference; lastKnownFileType = folder.assetcatalog; path = Assets.xcassets; sourceTree = "<group>"; };
		B55135E9219828CD00205209 /* Instargram.app */ = {isa = PBXFileReference; explicitFileType = wrapper.application; includeInIndex = 0; path = Instargram.app; sourceTree = BUILT_PRODUCTS_DIR; };
		B55135EC219828CD00205209 /* AppDelegate.swift */ = {isa = PBXFileReference; lastKnownFileType = sourcecode.swift; path = AppDelegate.swift; sourceTree = "<group>"; };
		B55135EE219828CD00205209 /* SignIn.swift */ = {isa = PBXFileReference; lastKnownFileType = sourcecode.swift; path = SignIn.swift; sourceTree = "<group>"; };
		B55135F8219828CE00205209 /* Info.plist */ = {isa = PBXFileReference; lastKnownFileType = text.plist.xml; path = Info.plist; sourceTree = "<group>"; };
		B55135FD219828CF00205209 /* InstargramTests.xctest */ = {isa = PBXFileReference; explicitFileType = wrapper.cfbundle; includeInIndex = 0; path = InstargramTests.xctest; sourceTree = BUILT_PRODUCTS_DIR; };
		B5513601219828CF00205209 /* InstargramTests.swift */ = {isa = PBXFileReference; lastKnownFileType = sourcecode.swift; path = InstargramTests.swift; sourceTree = "<group>"; };
		B5513603219828CF00205209 /* Info.plist */ = {isa = PBXFileReference; lastKnownFileType = text.plist.xml; path = Info.plist; sourceTree = "<group>"; };
		B5513608219828CF00205209 /* InstargramUITests.xctest */ = {isa = PBXFileReference; explicitFileType = wrapper.cfbundle; includeInIndex = 0; path = InstargramUITests.xctest; sourceTree = BUILT_PRODUCTS_DIR; };
		B551360C219828CF00205209 /* InstargramUITests.swift */ = {isa = PBXFileReference; lastKnownFileType = sourcecode.swift; path = InstargramUITests.swift; sourceTree = "<group>"; };
		B551360E219828CF00205209 /* Info.plist */ = {isa = PBXFileReference; lastKnownFileType = text.plist.xml; path = Info.plist; sourceTree = "<group>"; };
		B551361A21983FDE00205209 /* Extension.swift */ = {isa = PBXFileReference; lastKnownFileType = sourcecode.swift; path = Extension.swift; sourceTree = "<group>"; };
		B551361C21984DAC00205209 /* SignUp.swift */ = {isa = PBXFileReference; lastKnownFileType = sourcecode.swift; path = SignUp.swift; sourceTree = "<group>"; };
		B551361E21985CBA00205209 /* TabSwitcher.swift */ = {isa = PBXFileReference; lastKnownFileType = sourcecode.swift; path = TabSwitcher.swift; sourceTree = "<group>"; };
		B55136232198712900205209 /* Home.swift */ = {isa = PBXFileReference; lastKnownFileType = sourcecode.swift; path = Home.swift; sourceTree = "<group>"; };
		B55136252198713A00205209 /* Discover.swift */ = {isa = PBXFileReference; lastKnownFileType = sourcecode.swift; path = Discover.swift; sourceTree = "<group>"; };
		B55136272198714500205209 /* Photos.swift */ = {isa = PBXFileReference; lastKnownFileType = sourcecode.swift; path = Photos.swift; sourceTree = "<group>"; };
		B55136292198715300205209 /* Notification.swift */ = {isa = PBXFileReference; lastKnownFileType = sourcecode.swift; path = Notification.swift; sourceTree = "<group>"; };
		B551362B2198715B00205209 /* Profile.swift */ = {isa = PBXFileReference; lastKnownFileType = sourcecode.swift; path = Profile.swift; sourceTree = "<group>"; };
		B59EDEFC219C629800FF01E3 /* FirebaseService.swift */ = {isa = PBXFileReference; lastKnownFileType = sourcecode.swift; path = FirebaseService.swift; sourceTree = "<group>"; };
		B59EDEFE219C697B00FF01E3 /* Config.swift */ = {isa = PBXFileReference; lastKnownFileType = sourcecode.swift; path = Config.swift; sourceTree = "<group>"; };
		B5D869F4219EF34400C92BA4 /* Posts.swift */ = {isa = PBXFileReference; lastKnownFileType = sourcecode.swift; path = Posts.swift; sourceTree = "<group>"; };
		E87EB47EF4DFCC70108FC170 /* Pods-InstargramUITests.release.xcconfig */ = {isa = PBXFileReference; includeInIndex = 1; lastKnownFileType = text.xcconfig; name = "Pods-InstargramUITests.release.xcconfig"; path = "Pods/Target Support Files/Pods-InstargramUITests/Pods-InstargramUITests.release.xcconfig"; sourceTree = "<group>"; };
		F0C8B5BB9259DBD9AF384B63 /* Pods-Instargram.release.xcconfig */ = {isa = PBXFileReference; includeInIndex = 1; lastKnownFileType = text.xcconfig; name = "Pods-Instargram.release.xcconfig"; path = "Pods/Target Support Files/Pods-Instargram/Pods-Instargram.release.xcconfig"; sourceTree = "<group>"; };
		FD1154C2802F4B6750C5B3E7 /* Pods_Instargram.framework */ = {isa = PBXFileReference; explicitFileType = wrapper.framework; includeInIndex = 0; path = Pods_Instargram.framework; sourceTree = BUILT_PRODUCTS_DIR; };
/* End PBXFileReference section */

/* Begin PBXFrameworksBuildPhase section */
		B55135E6219828CD00205209 /* Frameworks */ = {
			isa = PBXFrameworksBuildPhase;
			buildActionMask = 2147483647;
			files = (
				3A14722DD4084E5E103936E9 /* Pods_Instargram.framework in Frameworks */,
			);
			runOnlyForDeploymentPostprocessing = 0;
		};
		B55135FA219828CF00205209 /* Frameworks */ = {
			isa = PBXFrameworksBuildPhase;
			buildActionMask = 2147483647;
			files = (
				5771F24C2B4606AE8D398B42 /* Pods_InstargramTests.framework in Frameworks */,
			);
			runOnlyForDeploymentPostprocessing = 0;
		};
		B5513605219828CF00205209 /* Frameworks */ = {
			isa = PBXFrameworksBuildPhase;
			buildActionMask = 2147483647;
			files = (
				7D578F4399F0118AAEFCF08A /* Pods_InstargramUITests.framework in Frameworks */,
			);
			runOnlyForDeploymentPostprocessing = 0;
		};
/* End PBXFrameworksBuildPhase section */

/* Begin PBXGroup section */
		593D134EDE0739D6098B8C53 /* Pods */ = {
			isa = PBXGroup;
			children = (
				53C842AE079FF04F845FBD14 /* Pods-Instargram.debug.xcconfig */,
				F0C8B5BB9259DBD9AF384B63 /* Pods-Instargram.release.xcconfig */,
				48D42BD41C4465E221545CAB /* Pods-InstargramTests.debug.xcconfig */,
				30963AC7057F4D0CE887EEA6 /* Pods-InstargramTests.release.xcconfig */,
				073A775C052A735D244DC786 /* Pods-InstargramUITests.debug.xcconfig */,
				E87EB47EF4DFCC70108FC170 /* Pods-InstargramUITests.release.xcconfig */,
			);
			name = Pods;
			sourceTree = "<group>";
		};
		678C542128428E6FD263C1A9 /* Frameworks */ = {
			isa = PBXGroup;
			children = (
				FD1154C2802F4B6750C5B3E7 /* Pods_Instargram.framework */,
				55874A0F9F2F62F49D11C261 /* Pods_InstargramTests.framework */,
				4F94280D7295AED7B1F85572 /* Pods_InstargramUITests.framework */,
			);
			name = Frameworks;
			sourceTree = "<group>";
		};
		B55135E0219828CD00205209 = {
			isa = PBXGroup;
			children = (
				B544719B21996061003612D0 /* GoogleService-Info.plist */,
				B55135EB219828CD00205209 /* Instargram */,
				B5513600219828CF00205209 /* InstargramTests */,
				B551360B219828CF00205209 /* InstargramUITests */,
				B55135EA219828CD00205209 /* Products */,
				593D134EDE0739D6098B8C53 /* Pods */,
				678C542128428E6FD263C1A9 /* Frameworks */,
			);
			sourceTree = "<group>";
		};
		B55135EA219828CD00205209 /* Products */ = {
			isa = PBXGroup;
			children = (
				B55135E9219828CD00205209 /* Instargram.app */,
				B55135FD219828CF00205209 /* InstargramTests.xctest */,
				B5513608219828CF00205209 /* InstargramUITests.xctest */,
			);
			name = Products;
			sourceTree = "<group>";
		};
		B55135EB219828CD00205209 /* Instargram */ = {
			isa = PBXGroup;
			children = (
				B5D869F3219EF32C00C92BA4 /* Model */,
				B55135EC219828CD00205209 /* AppDelegate.swift */,
				B59EDF01219C69E700FF01E3 /* DataBase */,
				B55136222198711400205209 /* Pages */,
				B59EDF03219C6A0D00FF01E3 /* Auth */,
				B59EDF02219C69FC00FF01E3 /* Extension */,
				B55135F8219828CE00205209 /* Info.plist */,
				B544719D21998B02003612D0 /* Assets.xcassets */,
			);
			path = Instargram;
			sourceTree = "<group>";
		};
		B5513600219828CF00205209 /* InstargramTests */ = {
			isa = PBXGroup;
			children = (
				B5513601219828CF00205209 /* InstargramTests.swift */,
				B5513603219828CF00205209 /* Info.plist */,
			);
			path = InstargramTests;
			sourceTree = "<group>";
		};
		B551360B219828CF00205209 /* InstargramUITests */ = {
			isa = PBXGroup;
			children = (
				B551360C219828CF00205209 /* InstargramUITests.swift */,
				B551360E219828CF00205209 /* Info.plist */,
				B522DDFB21995981006792BD /* GoogleService-Info.plist */,
			);
			path = InstargramUITests;
			sourceTree = "<group>";
		};
		B55136222198711400205209 /* Pages */ = {
			isa = PBXGroup;
			children = (
				B551361E21985CBA00205209 /* TabSwitcher.swift */,
				B55136232198712900205209 /* Home.swift */,
				B55136252198713A00205209 /* Discover.swift */,
				B55136272198714500205209 /* Photos.swift */,
				B55136292198715300205209 /* Notification.swift */,
				B551362B2198715B00205209 /* Profile.swift */,
			);
			path = Pages;
			sourceTree = "<group>";
		};
		B59EDF01219C69E700FF01E3 /* DataBase */ = {
			isa = PBXGroup;
			children = (
				B59EDEFC219C629800FF01E3 /* FirebaseService.swift */,
				B59EDEFE219C697B00FF01E3 /* Config.swift */,
			);
			path = DataBase;
			sourceTree = "<group>";
		};
		B59EDF02219C69FC00FF01E3 /* Extension */ = {
			isa = PBXGroup;
			children = (
				B551361A21983FDE00205209 /* Extension.swift */,
			);
			path = Extension;
			sourceTree = "<group>";
		};
		B59EDF03219C6A0D00FF01E3 /* Auth */ = {
			isa = PBXGroup;
			children = (
				B55135EE219828CD00205209 /* SignIn.swift */,
				B551361C21984DAC00205209 /* SignUp.swift */,
			);
			path = Auth;
			sourceTree = "<group>";
		};
		B5D869F3219EF32C00C92BA4 /* Model */ = {
			isa = PBXGroup;
			children = (
				B5D869F4219EF34400C92BA4 /* Posts.swift */,
			);
			path = Model;
			sourceTree = "<group>";
		};
/* End PBXGroup section */

/* Begin PBXNativeTarget section */
		B55135E8219828CD00205209 /* Instargram */ = {
			isa = PBXNativeTarget;
			buildConfigurationList = B5513611219828CF00205209 /* Build configuration list for PBXNativeTarget "Instargram" */;
			buildPhases = (
				56205EE6F59F792AF27E8D37 /* [CP] Check Pods Manifest.lock */,
				B55135E5219828CD00205209 /* Sources */,
				B55135E6219828CD00205209 /* Frameworks */,
				B55135E7219828CD00205209 /* Resources */,
				DF63C74D70414744F3CE3884 /* [CP] Embed Pods Frameworks */,
			);
			buildRules = (
			);
			dependencies = (
			);
			name = Instargram;
			productName = Instargram;
			productReference = B55135E9219828CD00205209 /* Instargram.app */;
			productType = "com.apple.product-type.application";
		};
		B55135FC219828CF00205209 /* InstargramTests */ = {
			isa = PBXNativeTarget;
			buildConfigurationList = B5513614219828CF00205209 /* Build configuration list for PBXNativeTarget "InstargramTests" */;
			buildPhases = (
				45B401BF065B38DB594867B8 /* [CP] Check Pods Manifest.lock */,
				B55135F9219828CF00205209 /* Sources */,
				B55135FA219828CF00205209 /* Frameworks */,
				B55135FB219828CF00205209 /* Resources */,
			);
			buildRules = (
			);
			dependencies = (
				B55135FF219828CF00205209 /* PBXTargetDependency */,
			);
			name = InstargramTests;
			productName = InstargramTests;
			productReference = B55135FD219828CF00205209 /* InstargramTests.xctest */;
			productType = "com.apple.product-type.bundle.unit-test";
		};
		B5513607219828CF00205209 /* InstargramUITests */ = {
			isa = PBXNativeTarget;
			buildConfigurationList = B5513617219828CF00205209 /* Build configuration list for PBXNativeTarget "InstargramUITests" */;
			buildPhases = (
				53792357D7AD027A3B0E7469 /* [CP] Check Pods Manifest.lock */,
				B5513604219828CF00205209 /* Sources */,
				B5513605219828CF00205209 /* Frameworks */,
				B5513606219828CF00205209 /* Resources */,
			);
			buildRules = (
			);
			dependencies = (
				B551360A219828CF00205209 /* PBXTargetDependency */,
			);
			name = InstargramUITests;
			productName = InstargramUITests;
			productReference = B5513608219828CF00205209 /* InstargramUITests.xctest */;
			productType = "com.apple.product-type.bundle.ui-testing";
		};
/* End PBXNativeTarget section */

/* Begin PBXProject section */
		B55135E1219828CD00205209 /* Project object */ = {
			isa = PBXProject;
			attributes = {
				LastSwiftUpdateCheck = 1010;
				LastUpgradeCheck = 1010;
				ORGANIZATIONNAME = "TT Nguyen";
				TargetAttributes = {
					B55135E8219828CD00205209 = {
						CreatedOnToolsVersion = 10.1;
					};
					B55135FC219828CF00205209 = {
						CreatedOnToolsVersion = 10.1;
						TestTargetID = B55135E8219828CD00205209;
					};
					B5513607219828CF00205209 = {
						CreatedOnToolsVersion = 10.1;
						TestTargetID = B55135E8219828CD00205209;
					};
				};
			};
			buildConfigurationList = B55135E4219828CD00205209 /* Build configuration list for PBXProject "Instargram" */;
			compatibilityVersion = "Xcode 9.3";
			developmentRegion = en;
			hasScannedForEncodings = 0;
			knownRegions = (
				en,
				Base,
			);
			mainGroup = B55135E0219828CD00205209;
			productRefGroup = B55135EA219828CD00205209 /* Products */;
			projectDirPath = "";
			projectRoot = "";
			targets = (
				B55135E8219828CD00205209 /* Instargram */,
				B55135FC219828CF00205209 /* InstargramTests */,
				B5513607219828CF00205209 /* InstargramUITests */,
			);
		};
/* End PBXProject section */

/* Begin PBXResourcesBuildPhase section */
		B55135E7219828CD00205209 /* Resources */ = {
			isa = PBXResourcesBuildPhase;
			buildActionMask = 2147483647;
			files = (
				B544719E21998B03003612D0 /* Assets.xcassets in Resources */,
				B544719C21996061003612D0 /* GoogleService-Info.plist in Resources */,
			);
			runOnlyForDeploymentPostprocessing = 0;
		};
		B55135FB219828CF00205209 /* Resources */ = {
			isa = PBXResourcesBuildPhase;
			buildActionMask = 2147483647;
			files = (
			);
			runOnlyForDeploymentPostprocessing = 0;
		};
		B5513606219828CF00205209 /* Resources */ = {
			isa = PBXResourcesBuildPhase;
			buildActionMask = 2147483647;
			files = (
				B522DDFC21995981006792BD /* GoogleService-Info.plist in Resources */,
			);
			runOnlyForDeploymentPostprocessing = 0;
		};
/* End PBXResourcesBuildPhase section */

/* Begin PBXShellScriptBuildPhase section */
		45B401BF065B38DB594867B8 /* [CP] Check Pods Manifest.lock */ = {
			isa = PBXShellScriptBuildPhase;
			buildActionMask = 2147483647;
			files = (
			);
			inputFileListPaths = (
			);
			inputPaths = (
				"${PODS_PODFILE_DIR_PATH}/Podfile.lock",
				"${PODS_ROOT}/Manifest.lock",
			);
			name = "[CP] Check Pods Manifest.lock";
			outputFileListPaths = (
			);
			outputPaths = (
				"$(DERIVED_FILE_DIR)/Pods-InstargramTests-checkManifestLockResult.txt",
			);
			runOnlyForDeploymentPostprocessing = 0;
			shellPath = /bin/sh;
			shellScript = "diff \"${PODS_PODFILE_DIR_PATH}/Podfile.lock\" \"${PODS_ROOT}/Manifest.lock\" > /dev/null\nif [ $? != 0 ] ; then\n    # print error to STDERR\n    echo \"error: The sandbox is not in sync with the Podfile.lock. Run 'pod install' or update your CocoaPods installation.\" >&2\n    exit 1\nfi\n# This output is used by Xcode 'outputs' to avoid re-running this script phase.\necho \"SUCCESS\" > \"${SCRIPT_OUTPUT_FILE_0}\"\n";
			showEnvVarsInLog = 0;
		};
		53792357D7AD027A3B0E7469 /* [CP] Check Pods Manifest.lock */ = {
			isa = PBXShellScriptBuildPhase;
			buildActionMask = 2147483647;
			files = (
			);
			inputFileListPaths = (
			);
			inputPaths = (
				"${PODS_PODFILE_DIR_PATH}/Podfile.lock",
				"${PODS_ROOT}/Manifest.lock",
			);
			name = "[CP] Check Pods Manifest.lock";
			outputFileListPaths = (
			);
			outputPaths = (
				"$(DERIVED_FILE_DIR)/Pods-InstargramUITests-checkManifestLockResult.txt",
			);
			runOnlyForDeploymentPostprocessing = 0;
			shellPath = /bin/sh;
			shellScript = "diff \"${PODS_PODFILE_DIR_PATH}/Podfile.lock\" \"${PODS_ROOT}/Manifest.lock\" > /dev/null\nif [ $? != 0 ] ; then\n    # print error to STDERR\n    echo \"error: The sandbox is not in sync with the Podfile.lock. Run 'pod install' or update your CocoaPods installation.\" >&2\n    exit 1\nfi\n# This output is used by Xcode 'outputs' to avoid re-running this script phase.\necho \"SUCCESS\" > \"${SCRIPT_OUTPUT_FILE_0}\"\n";
			showEnvVarsInLog = 0;
		};
		56205EE6F59F792AF27E8D37 /* [CP] Check Pods Manifest.lock */ = {
			isa = PBXShellScriptBuildPhase;
			buildActionMask = 2147483647;
			files = (
			);
			inputFileListPaths = (
			);
			inputPaths = (
				"${PODS_PODFILE_DIR_PATH}/Podfile.lock",
				"${PODS_ROOT}/Manifest.lock",
			);
			name = "[CP] Check Pods Manifest.lock";
			outputFileListPaths = (
			);
			outputPaths = (
				"$(DERIVED_FILE_DIR)/Pods-Instargram-checkManifestLockResult.txt",
			);
			runOnlyForDeploymentPostprocessing = 0;
			shellPath = /bin/sh;
			shellScript = "diff \"${PODS_PODFILE_DIR_PATH}/Podfile.lock\" \"${PODS_ROOT}/Manifest.lock\" > /dev/null\nif [ $? != 0 ] ; then\n    # print error to STDERR\n    echo \"error: The sandbox is not in sync with the Podfile.lock. Run 'pod install' or update your CocoaPods installation.\" >&2\n    exit 1\nfi\n# This output is used by Xcode 'outputs' to avoid re-running this script phase.\necho \"SUCCESS\" > \"${SCRIPT_OUTPUT_FILE_0}\"\n";
			showEnvVarsInLog = 0;
		};
		DF63C74D70414744F3CE3884 /* [CP] Embed Pods Frameworks */ = {
			isa = PBXShellScriptBuildPhase;
			buildActionMask = 2147483647;
			files = (
			);
			inputFileListPaths = (
			);
			inputPaths = (
				"${SRCROOT}/Pods/Target Support Files/Pods-Instargram/Pods-Instargram-frameworks.sh",
				"${BUILT_PRODUCTS_DIR}/GTMSessionFetcher/GTMSessionFetcher.framework",
				"${BUILT_PRODUCTS_DIR}/GoogleUtilities/GoogleUtilities.framework",
				"${BUILT_PRODUCTS_DIR}/SVProgressHUD/SVProgressHUD.framework",
				"${BUILT_PRODUCTS_DIR}/leveldb-library/leveldb.framework",
				"${BUILT_PRODUCTS_DIR}/nanopb/nanopb.framework",
			);
			name = "[CP] Embed Pods Frameworks";
			outputFileListPaths = (
			);
			outputPaths = (
				"${TARGET_BUILD_DIR}/${FRAMEWORKS_FOLDER_PATH}/GTMSessionFetcher.framework",
				"${TARGET_BUILD_DIR}/${FRAMEWORKS_FOLDER_PATH}/GoogleUtilities.framework",
				"${TARGET_BUILD_DIR}/${FRAMEWORKS_FOLDER_PATH}/SVProgressHUD.framework",
				"${TARGET_BUILD_DIR}/${FRAMEWORKS_FOLDER_PATH}/leveldb.framework",
				"${TARGET_BUILD_DIR}/${FRAMEWORKS_FOLDER_PATH}/nanopb.framework",
			);
			runOnlyForDeploymentPostprocessing = 0;
			shellPath = /bin/sh;
			shellScript = "\"${SRCROOT}/Pods/Target Support Files/Pods-Instargram/Pods-Instargram-frameworks.sh\"\n";
			showEnvVarsInLog = 0;
		};
/* End PBXShellScriptBuildPhase section */

/* Begin PBXSourcesBuildPhase section */
		B55135E5219828CD00205209 /* Sources */ = {
			isa = PBXSourcesBuildPhase;
			buildActionMask = 2147483647;
			files = (
				B551361B21983FDE00205209 /* Extension.swift in Sources */,
				B551362C2198715B00205209 /* Profile.swift in Sources */,
				B59EDEFD219C629800FF01E3 /* FirebaseService.swift in Sources */,
				B551361D21984DAC00205209 /* SignUp.swift in Sources */,
				B551362A2198715300205209 /* Notification.swift in Sources */,
				B5D869F5219EF34400C92BA4 /* Posts.swift in Sources */,
				B59EDEFF219C697B00FF01E3 /* Config.swift in Sources */,
				B55135EF219828CD00205209 /* SignIn.swift in Sources */,
				B551361F21985CBA00205209 /* TabSwitcher.swift in Sources */,
				B55136282198714500205209 /* Photos.swift in Sources */,
				B55136242198712900205209 /* Home.swift in Sources */,
				B55135ED219828CD00205209 /* AppDelegate.swift in Sources */,
				B55136262198713A00205209 /* Discover.swift in Sources */,
			);
			runOnlyForDeploymentPostprocessing = 0;
		};
		B55135F9219828CF00205209 /* Sources */ = {
			isa = PBXSourcesBuildPhase;
			buildActionMask = 2147483647;
			files = (
				B5513602219828CF00205209 /* InstargramTests.swift in Sources */,
			);
			runOnlyForDeploymentPostprocessing = 0;
		};
		B5513604219828CF00205209 /* Sources */ = {
			isa = PBXSourcesBuildPhase;
			buildActionMask = 2147483647;
			files = (
				B551360D219828CF00205209 /* InstargramUITests.swift in Sources */,
			);
			runOnlyForDeploymentPostprocessing = 0;
		};
/* End PBXSourcesBuildPhase section */

/* Begin PBXTargetDependency section */
		B55135FF219828CF00205209 /* PBXTargetDependency */ = {
			isa = PBXTargetDependency;
			target = B55135E8219828CD00205209 /* Instargram */;
			targetProxy = B55135FE219828CF00205209 /* PBXContainerItemProxy */;
		};
		B551360A219828CF00205209 /* PBXTargetDependency */ = {
			isa = PBXTargetDependency;
			target = B55135E8219828CD00205209 /* Instargram */;
			targetProxy = B5513609219828CF00205209 /* PBXContainerItemProxy */;
		};
/* End PBXTargetDependency section */

/* Begin XCBuildConfiguration section */
		B551360F219828CF00205209 /* Debug */ = {
			isa = XCBuildConfiguration;
			buildSettings = {
				ALWAYS_SEARCH_USER_PATHS = NO;
				CLANG_ANALYZER_NONNULL = YES;
				CLANG_ANALYZER_NUMBER_OBJECT_CONVERSION = YES_AGGRESSIVE;
				CLANG_CXX_LANGUAGE_STANDARD = "gnu++14";
				CLANG_CXX_LIBRARY = "libc++";
				CLANG_ENABLE_MODULES = YES;
				CLANG_ENABLE_OBJC_ARC = YES;
				CLANG_ENABLE_OBJC_WEAK = YES;
				CLANG_WARN_BLOCK_CAPTURE_AUTORELEASING = YES;
				CLANG_WARN_BOOL_CONVERSION = YES;
				CLANG_WARN_COMMA = YES;
				CLANG_WARN_CONSTANT_CONVERSION = YES;
				CLANG_WARN_DEPRECATED_OBJC_IMPLEMENTATIONS = YES;
				CLANG_WARN_DIRECT_OBJC_ISA_USAGE = YES_ERROR;
				CLANG_WARN_DOCUMENTATION_COMMENTS = YES;
				CLANG_WARN_EMPTY_BODY = YES;
				CLANG_WARN_ENUM_CONVERSION = YES;
				CLANG_WARN_INFINITE_RECURSION = YES;
				CLANG_WARN_INT_CONVERSION = YES;
				CLANG_WARN_NON_LITERAL_NULL_CONVERSION = YES;
				CLANG_WARN_OBJC_IMPLICIT_RETAIN_SELF = YES;
				CLANG_WARN_OBJC_LITERAL_CONVERSION = YES;
				CLANG_WARN_OBJC_ROOT_CLASS = YES_ERROR;
				CLANG_WARN_RANGE_LOOP_ANALYSIS = YES;
				CLANG_WARN_STRICT_PROTOTYPES = YES;
				CLANG_WARN_SUSPICIOUS_MOVE = YES;
				CLANG_WARN_UNGUARDED_AVAILABILITY = YES_AGGRESSIVE;
				CLANG_WARN_UNREACHABLE_CODE = YES;
				CLANG_WARN__DUPLICATE_METHOD_MATCH = YES;
				CODE_SIGN_IDENTITY = "iPhone Developer";
				COPY_PHASE_STRIP = NO;
				DEBUG_INFORMATION_FORMAT = dwarf;
				ENABLE_STRICT_OBJC_MSGSEND = YES;
				ENABLE_TESTABILITY = YES;
				GCC_C_LANGUAGE_STANDARD = gnu11;
				GCC_DYNAMIC_NO_PIC = NO;
				GCC_NO_COMMON_BLOCKS = YES;
				GCC_OPTIMIZATION_LEVEL = 0;
				GCC_PREPROCESSOR_DEFINITIONS = (
					"DEBUG=1",
					"$(inherited)",
				);
				GCC_WARN_64_TO_32_BIT_CONVERSION = YES;
				GCC_WARN_ABOUT_RETURN_TYPE = YES_ERROR;
				GCC_WARN_UNDECLARED_SELECTOR = YES;
				GCC_WARN_UNINITIALIZED_AUTOS = YES_AGGRESSIVE;
				GCC_WARN_UNUSED_FUNCTION = YES;
				GCC_WARN_UNUSED_VARIABLE = YES;
				IPHONEOS_DEPLOYMENT_TARGET = 12.1;
				MTL_ENABLE_DEBUG_INFO = INCLUDE_SOURCE;
				MTL_FAST_MATH = YES;
				ONLY_ACTIVE_ARCH = YES;
				SDKROOT = iphoneos;
				SWIFT_ACTIVE_COMPILATION_CONDITIONS = DEBUG;
				SWIFT_OPTIMIZATION_LEVEL = "-Onone";
			};
			name = Debug;
		};
		B5513610219828CF00205209 /* Release */ = {
			isa = XCBuildConfiguration;
			buildSettings = {
				ALWAYS_SEARCH_USER_PATHS = NO;
				CLANG_ANALYZER_NONNULL = YES;
				CLANG_ANALYZER_NUMBER_OBJECT_CONVERSION = YES_AGGRESSIVE;
				CLANG_CXX_LANGUAGE_STANDARD = "gnu++14";
				CLANG_CXX_LIBRARY = "libc++";
				CLANG_ENABLE_MODULES = YES;
				CLANG_ENABLE_OBJC_ARC = YES;
				CLANG_ENABLE_OBJC_WEAK = YES;
				CLANG_WARN_BLOCK_CAPTURE_AUTORELEASING = YES;
				CLANG_WARN_BOOL_CONVERSION = YES;
				CLANG_WARN_COMMA = YES;
				CLANG_WARN_CONSTANT_CONVERSION = YES;
				CLANG_WARN_DEPRECATED_OBJC_IMPLEMENTATIONS = YES;
				CLANG_WARN_DIRECT_OBJC_ISA_USAGE = YES_ERROR;
				CLANG_WARN_DOCUMENTATION_COMMENTS = YES;
				CLANG_WARN_EMPTY_BODY = YES;
				CLANG_WARN_ENUM_CONVERSION = YES;
				CLANG_WARN_INFINITE_RECURSION = YES;
				CLANG_WARN_INT_CONVERSION = YES;
				CLANG_WARN_NON_LITERAL_NULL_CONVERSION = YES;
				CLANG_WARN_OBJC_IMPLICIT_RETAIN_SELF = YES;
				CLANG_WARN_OBJC_LITERAL_CONVERSION = YES;
				CLANG_WARN_OBJC_ROOT_CLASS = YES_ERROR;
				CLANG_WARN_RANGE_LOOP_ANALYSIS = YES;
				CLANG_WARN_STRICT_PROTOTYPES = YES;
				CLANG_WARN_SUSPICIOUS_MOVE = YES;
				CLANG_WARN_UNGUARDED_AVAILABILITY = YES_AGGRESSIVE;
				CLANG_WARN_UNREACHABLE_CODE = YES;
				CLANG_WARN__DUPLICATE_METHOD_MATCH = YES;
				CODE_SIGN_IDENTITY = "iPhone Developer";
				COPY_PHASE_STRIP = NO;
				DEBUG_INFORMATION_FORMAT = "dwarf-with-dsym";
				ENABLE_NS_ASSERTIONS = NO;
				ENABLE_STRICT_OBJC_MSGSEND = YES;
				GCC_C_LANGUAGE_STANDARD = gnu11;
				GCC_NO_COMMON_BLOCKS = YES;
				GCC_WARN_64_TO_32_BIT_CONVERSION = YES;
				GCC_WARN_ABOUT_RETURN_TYPE = YES_ERROR;
				GCC_WARN_UNDECLARED_SELECTOR = YES;
				GCC_WARN_UNINITIALIZED_AUTOS = YES_AGGRESSIVE;
				GCC_WARN_UNUSED_FUNCTION = YES;
				GCC_WARN_UNUSED_VARIABLE = YES;
				IPHONEOS_DEPLOYMENT_TARGET = 12.1;
				MTL_ENABLE_DEBUG_INFO = NO;
				MTL_FAST_MATH = YES;
				SDKROOT = iphoneos;
				SWIFT_COMPILATION_MODE = wholemodule;
				SWIFT_OPTIMIZATION_LEVEL = "-O";
				VALIDATE_PRODUCT = YES;
			};
			name = Release;
		};
		B5513612219828CF00205209 /* Debug */ = {
			isa = XCBuildConfiguration;
			baseConfigurationReference = 53C842AE079FF04F845FBD14 /* Pods-Instargram.debug.xcconfig */;
			buildSettings = {
				ASSETCATALOG_COMPILER_APPICON_NAME = AppIcon;
				CODE_SIGN_STYLE = Automatic;
				DEVELOPMENT_TEAM = H4NA3RYS6C;
				INFOPLIST_FILE = Instargram/Info.plist;
				LD_RUNPATH_SEARCH_PATHS = (
					"$(inherited)",
					"@executable_path/Frameworks",
				);
				PRODUCT_BUNDLE_IDENTIFIER = appstore.Instargram;
				PRODUCT_NAME = "$(TARGET_NAME)";
				SWIFT_VERSION = 4.2;
				TARGETED_DEVICE_FAMILY = "1,2";
			};
			name = Debug;
		};
		B5513613219828CF00205209 /* Release */ = {
			isa = XCBuildConfiguration;
			baseConfigurationReference = F0C8B5BB9259DBD9AF384B63 /* Pods-Instargram.release.xcconfig */;
			buildSettings = {
				ASSETCATALOG_COMPILER_APPICON_NAME = AppIcon;
				CODE_SIGN_STYLE = Automatic;
				DEVELOPMENT_TEAM = H4NA3RYS6C;
				INFOPLIST_FILE = Instargram/Info.plist;
				LD_RUNPATH_SEARCH_PATHS = (
					"$(inherited)",
					"@executable_path/Frameworks",
				);
				PRODUCT_BUNDLE_IDENTIFIER = appstore.Instargram;
				PRODUCT_NAME = "$(TARGET_NAME)";
				SWIFT_VERSION = 4.2;
				TARGETED_DEVICE_FAMILY = "1,2";
			};
			name = Release;
		};
		B5513615219828CF00205209 /* Debug */ = {
			isa = XCBuildConfiguration;
			baseConfigurationReference = 48D42BD41C4465E221545CAB /* Pods-InstargramTests.debug.xcconfig */;
			buildSettings = {
				ALWAYS_EMBED_SWIFT_STANDARD_LIBRARIES = YES;
				BUNDLE_LOADER = "$(TEST_HOST)";
				CODE_SIGN_STYLE = Automatic;
				INFOPLIST_FILE = InstargramTests/Info.plist;
				LD_RUNPATH_SEARCH_PATHS = (
					"$(inherited)",
					"@executable_path/Frameworks",
					"@loader_path/Frameworks",
				);
				PRODUCT_BUNDLE_IDENTIFIER = appstore.InstargramTests;
				PRODUCT_NAME = "$(TARGET_NAME)";
				SWIFT_VERSION = 4.2;
				TARGETED_DEVICE_FAMILY = "1,2";
				TEST_HOST = "$(BUILT_PRODUCTS_DIR)/Instargram.app/Instargram";
			};
			name = Debug;
		};
		B5513616219828CF00205209 /* Release */ = {
			isa = XCBuildConfiguration;
			baseConfigurationReference = 30963AC7057F4D0CE887EEA6 /* Pods-InstargramTests.release.xcconfig */;
			buildSettings = {
				ALWAYS_EMBED_SWIFT_STANDARD_LIBRARIES = YES;
				BUNDLE_LOADER = "$(TEST_HOST)";
				CODE_SIGN_STYLE = Automatic;
				INFOPLIST_FILE = InstargramTests/Info.plist;
				LD_RUNPATH_SEARCH_PATHS = (
					"$(inherited)",
					"@executable_path/Frameworks",
					"@loader_path/Frameworks",
				);
				PRODUCT_BUNDLE_IDENTIFIER = appstore.InstargramTests;
				PRODUCT_NAME = "$(TARGET_NAME)";
				SWIFT_VERSION = 4.2;
				TARGETED_DEVICE_FAMILY = "1,2";
				TEST_HOST = "$(BUILT_PRODUCTS_DIR)/Instargram.app/Instargram";
			};
			name = Release;
		};
		B5513618219828CF00205209 /* Debug */ = {
			isa = XCBuildConfiguration;
			baseConfigurationReference = 073A775C052A735D244DC786 /* Pods-InstargramUITests.debug.xcconfig */;
			buildSettings = {
				ALWAYS_EMBED_SWIFT_STANDARD_LIBRARIES = YES;
				CODE_SIGN_STYLE = Automatic;
				INFOPLIST_FILE = InstargramUITests/Info.plist;
				LD_RUNPATH_SEARCH_PATHS = (
					"$(inherited)",
					"@executable_path/Frameworks",
					"@loader_path/Frameworks",
				);
				PRODUCT_BUNDLE_IDENTIFIER = appstore.InstargramUITests;
				PRODUCT_NAME = "$(TARGET_NAME)";
				SWIFT_VERSION = 4.2;
				TARGETED_DEVICE_FAMILY = "1,2";
				TEST_TARGET_NAME = Instargram;
			};
			name = Debug;
		};
		B5513619219828CF00205209 /* Release */ = {
			isa = XCBuildConfiguration;
			baseConfigurationReference = E87EB47EF4DFCC70108FC170 /* Pods-InstargramUITests.release.xcconfig */;
			buildSettings = {
				ALWAYS_EMBED_SWIFT_STANDARD_LIBRARIES = YES;
				CODE_SIGN_STYLE = Automatic;
				INFOPLIST_FILE = InstargramUITests/Info.plist;
				LD_RUNPATH_SEARCH_PATHS = (
					"$(inherited)",
					"@executable_path/Frameworks",
					"@loader_path/Frameworks",
				);
				PRODUCT_BUNDLE_IDENTIFIER = appstore.InstargramUITests;
				PRODUCT_NAME = "$(TARGET_NAME)";
				SWIFT_VERSION = 4.2;
				TARGETED_DEVICE_FAMILY = "1,2";
				TEST_TARGET_NAME = Instargram;
			};
			name = Release;
		};
/* End XCBuildConfiguration section */

/* Begin XCConfigurationList section */
		B55135E4219828CD00205209 /* Build configuration list for PBXProject "Instargram" */ = {
			isa = XCConfigurationList;
			buildConfigurations = (
				B551360F219828CF00205209 /* Debug */,
				B5513610219828CF00205209 /* Release */,
			);
			defaultConfigurationIsVisible = 0;
			defaultConfigurationName = Release;
		};
		B5513611219828CF00205209 /* Build configuration list for PBXNativeTarget "Instargram" */ = {
			isa = XCConfigurationList;
			buildConfigurations = (
				B5513612219828CF00205209 /* Debug */,
				B5513613219828CF00205209 /* Release */,
			);
			defaultConfigurationIsVisible = 0;
			defaultConfigurationName = Release;
		};
		B5513614219828CF00205209 /* Build configuration list for PBXNativeTarget "InstargramTests" */ = {
			isa = XCConfigurationList;
			buildConfigurations = (
				B5513615219828CF00205209 /* Debug */,
				B5513616219828CF00205209 /* Release */,
			);
			defaultConfigurationIsVisible = 0;
			defaultConfigurationName = Release;
		};
		B5513617219828CF00205209 /* Build configuration list for PBXNativeTarget "InstargramUITests" */ = {
			isa = XCConfigurationList;
			buildConfigurations = (
				B5513618219828CF00205209 /* Debug */,
				B5513619219828CF00205209 /* Release */,
			);
			defaultConfigurationIsVisible = 0;
			defaultConfigurationName = Release;
		};
/* End XCConfigurationList section */
	};
	rootObject = B55135E1219828CD00205209 /* Project object */;
}
